// !$*UTF8*$!
{
	archiveVersion = 1;
	classes = {
	};
	objectVersion = 50;
	objects = {

/* Begin PBXBuildFile section */
		62C150B02630CD10000D3266 /* AppDelegate.swift in Sources */ = {isa = PBXBuildFile; fileRef = 62C150AF2630CD10000D3266 /* AppDelegate.swift */; };
		62C150B22630CD10000D3266 /* SceneDelegate.swift in Sources */ = {isa = PBXBuildFile; fileRef = 62C150B12630CD10000D3266 /* SceneDelegate.swift */; };
		62C150B42630CD10000D3266 /* ViewController.swift in Sources */ = {isa = PBXBuildFile; fileRef = 62C150B32630CD10000D3266 /* ViewController.swift */; };
		62C150B72630CD10000D3266 /* Main.storyboard in Resources */ = {isa = PBXBuildFile; fileRef = 62C150B52630CD10000D3266 /* Main.storyboard */; };
		62C150B92630CD13000D3266 /* Assets.xcassets in Resources */ = {isa = PBXBuildFile; fileRef = 62C150B82630CD13000D3266 /* Assets.xcassets */; };
		62C150BC2630CD13000D3266 /* LaunchScreen.storyboard in Resources */ = {isa = PBXBuildFile; fileRef = 62C150BA2630CD13000D3266 /* LaunchScreen.storyboard */; };
		62C150C72630CD13000D3266 /* TestTests.swift in Sources */ = {isa = PBXBuildFile; fileRef = 62C150C62630CD13000D3266 /* TestTests.swift */; };
		62C150D22630CD13000D3266 /* TestUITests.swift in Sources */ = {isa = PBXBuildFile; fileRef = 62C150D12630CD13000D3266 /* TestUITests.swift */; };
/* End PBXBuildFile section */

/* Begin PBXContainerItemProxy section */
		62C150C32630CD13000D3266 /* PBXContainerItemProxy */ = {
			isa = PBXContainerItemProxy;
			containerPortal = 62C150A42630CD10000D3266 /* Project object */;
			proxyType = 1;
			remoteGlobalIDString = 62C150AB2630CD10000D3266;
			remoteInfo = Test;
		};
		62C150CE2630CD13000D3266 /* PBXContainerItemProxy */ = {
			isa = PBXContainerItemProxy;
			containerPortal = 62C150A42630CD10000D3266 /* Project object */;
			proxyType = 1;
			remoteGlobalIDString = 62C150AB2630CD10000D3266;
			remoteInfo = Test;
		};
/* End PBXContainerItemProxy section */

/* Begin PBXFileReference section */
		62C150AC2630CD10000D3266 /* Test.app */ = {isa = PBXFileReference; explicitFileType = wrapper.application; includeInIndex = 0; path = Test.app; sourceTree = BUILT_PRODUCTS_DIR; };
		62C150AF2630CD10000D3266 /* AppDelegate.swift */ = {isa = PBXFileReference; lastKnownFileType = sourcecode.swift; path = AppDelegate.swift; sourceTree = "<group>"; };
		62C150B12630CD10000D3266 /* SceneDelegate.swift */ = {isa = PBXFileReference; lastKnownFileType = sourcecode.swift; path = SceneDelegate.swift; sourceTree = "<group>"; };
		62C150B32630CD10000D3266 /* ViewController.swift */ = {isa = PBXFileReference; lastKnownFileType = sourcecode.swift; path = ViewController.swift; sourceTree = "<group>"; };
		62C150B62630CD10000D3266 /* Base */ = {isa = PBXFileReference; lastKnownFileType = file.storyboard; name = Base; path = Base.lproj/Main.storyboard; sourceTree = "<group>"; };
		62C150B82630CD13000D3266 /* Assets.xcassets */ = {isa = PBXFileReference; lastKnownFileType = folder.assetcatalog; path = Assets.xcassets; sourceTree = "<group>"; };
		62C150BB2630CD13000D3266 /* Base */ = {isa = PBXFileReference; lastKnownFileType = file.storyboard; name = Base; path = Base.lproj/LaunchScreen.storyboard; sourceTree = "<group>"; };
		62C150BD2630CD13000D3266 /* Info.plist */ = {isa = PBXFileReference; lastKnownFileType = text.plist.xml; path = Info.plist; sourceTree = "<group>"; };
		62C150C22630CD13000D3266 /* TestTests.xctest */ = {isa = PBXFileReference; explicitFileType = wrapper.cfbundle; includeInIndex = 0; path = TestTests.xctest; sourceTree = BUILT_PRODUCTS_DIR; };
		62C150C62630CD13000D3266 /* TestTests.swift */ = {isa = PBXFileReference; lastKnownFileType = sourcecode.swift; path = TestTests.swift; sourceTree = "<group>"; };
		62C150C82630CD13000D3266 /* Info.plist */ = {isa = PBXFileReference; lastKnownFileType = text.plist.xml; path = Info.plist; sourceTree = "<group>"; };
		62C150CD2630CD13000D3266 /* TestUITests.xctest */ = {isa = PBXFileReference; explicitFileType = wrapper.cfbundle; includeInIndex = 0; path = TestUITests.xctest; sourceTree = BUILT_PRODUCTS_DIR; };
		62C150D12630CD13000D3266 /* TestUITests.swift */ = {isa = PBXFileReference; lastKnownFileType = sourcecode.swift; path = TestUITests.swift; sourceTree = "<group>"; };
		62C150D32630CD13000D3266 /* Info.plist */ = {isa = PBXFileReference; lastKnownFileType = text.plist.xml; path = Info.plist; sourceTree = "<group>"; };
/* End PBXFileReference section */

/* Begin PBXFrameworksBuildPhase section */
		62C150A92630CD10000D3266 /* Frameworks */ = {
			isa = PBXFrameworksBuildPhase;
			buildActionMask = 2147483647;
			files = (
			);
			runOnlyForDeploymentPostprocessing = 0;
		};
		62C150BF2630CD13000D3266 /* Frameworks */ = {
			isa = PBXFrameworksBuildPhase;
			buildActionMask = 2147483647;
			files = (
			);
			runOnlyForDeploymentPostprocessing = 0;
		};
		62C150CA2630CD13000D3266 /* Frameworks */ = {
			isa = PBXFrameworksBuildPhase;
			buildActionMask = 2147483647;
			files = (
			);
			runOnlyForDeploymentPostprocessing = 0;
		};
/* End PBXFrameworksBuildPhase section */

/* Begin PBXGroup section */
		62C150A32630CD10000D3266 = {
			isa = PBXGroup;
			children = (
				62C150AE2630CD10000D3266 /* Test */,
				62C150C52630CD13000D3266 /* TestTests */,
				62C150D02630CD13000D3266 /* TestUITests */,
				62C150AD2630CD10000D3266 /* Products */,
			);
			sourceTree = "<group>";
		};
		62C150AD2630CD10000D3266 /* Products */ = {
			isa = PBXGroup;
			children = (
				62C150AC2630CD10000D3266 /* Test.app */,
				62C150C22630CD13000D3266 /* TestTests.xctest */,
				62C150CD2630CD13000D3266 /* TestUITests.xctest */,
			);
			name = Products;
			sourceTree = "<group>";
		};
		62C150AE2630CD10000D3266 /* Test */ = {
			isa = PBXGroup;
			children = (
				62C150AF2630CD10000D3266 /* AppDelegate.swift */,
				62C150B12630CD10000D3266 /* SceneDelegate.swift */,
				62C150B32630CD10000D3266 /* ViewController.swift */,
				62C150B52630CD10000D3266 /* Main.storyboard */,
				62C150B82630CD13000D3266 /* Assets.xcassets */,
				62C150BA2630CD13000D3266 /* LaunchScreen.storyboard */,
				62C150BD2630CD13000D3266 /* Info.plist */,
			);
			path = Test;
			sourceTree = "<group>";
		};
		62C150C52630CD13000D3266 /* TestTests */ = {
			isa = PBXGroup;
			children = (
				62C150C62630CD13000D3266 /* TestTests.swift */,
				62C150C82630CD13000D3266 /* Info.plist */,
			);
			path = TestTests;
			sourceTree = "<group>";
		};
		62C150D02630CD13000D3266 /* TestUITests */ = {
			isa = PBXGroup;
			children = (
				62C150D12630CD13000D3266 /* TestUITests.swift */,
				62C150D32630CD13000D3266 /* Info.plist */,
			);
			path = TestUITests;
			sourceTree = "<group>";
		};
/* End PBXGroup section */

/* Begin PBXNativeTarget section */
		62C150AB2630CD10000D3266 /* Test */ = {
			isa = PBXNativeTarget;
			buildConfigurationList = 62C150D62630CD13000D3266 /* Build configuration list for PBXNativeTarget "Test" */;
			buildPhases = (
				62C150A82630CD10000D3266 /* Sources */,
				62C150A92630CD10000D3266 /* Frameworks */,
				62C150AA2630CD10000D3266 /* Resources */,
			);
			buildRules = (
			);
			dependencies = (
			);
			name = Test;
			productName = Test;
			productReference = 62C150AC2630CD10000D3266 /* Test.app */;
			productType = "com.apple.product-type.application";
		};
		62C150C12630CD13000D3266 /* TestTests */ = {
			isa = PBXNativeTarget;
			buildConfigurationList = 62C150D92630CD13000D3266 /* Build configuration list for PBXNativeTarget "TestTests" */;
			buildPhases = (
				62C150BE2630CD13000D3266 /* Sources */,
				62C150BF2630CD13000D3266 /* Frameworks */,
				62C150C02630CD13000D3266 /* Resources */,
			);
			buildRules = (
			);
			dependencies = (
				62C150C42630CD13000D3266 /* PBXTargetDependency */,
			);
			name = TestTests;
			productName = TestTests;
			productReference = 62C150C22630CD13000D3266 /* TestTests.xctest */;
			productType = "com.apple.product-type.bundle.unit-test";
		};
		62C150CC2630CD13000D3266 /* TestUITests */ = {
			isa = PBXNativeTarget;
			buildConfigurationList = 62C150DC2630CD13000D3266 /* Build configuration list for PBXNativeTarget "TestUITests" */;
			buildPhases = (
				62C150C92630CD13000D3266 /* Sources */,
				62C150CA2630CD13000D3266 /* Frameworks */,
				62C150CB2630CD13000D3266 /* Resources */,
			);
			buildRules = (
			);
			dependencies = (
				62C150CF2630CD13000D3266 /* PBXTargetDependency */,
			);
			name = TestUITests;
			productName = TestUITests;
			productReference = 62C150CD2630CD13000D3266 /* TestUITests.xctest */;
			productType = "com.apple.product-type.bundle.ui-testing";
		};
/* End PBXNativeTarget section */

/* Begin PBXProject section */
		62C150A42630CD10000D3266 /* Project object */ = {
			isa = PBXProject;
			attributes = {
				LastSwiftUpdateCheck = 1240;
				LastUpgradeCheck = 1240;
				TargetAttributes = {
					62C150AB2630CD10000D3266 = {
						CreatedOnToolsVersion = 12.4;
					};
					62C150C12630CD13000D3266 = {
						CreatedOnToolsVersion = 12.4;
						TestTargetID = 62C150AB2630CD10000D3266;
					};
					62C150CC2630CD13000D3266 = {
						CreatedOnToolsVersion = 12.4;
						TestTargetID = 62C150AB2630CD10000D3266;
					};
				};
			};
			buildConfigurationList = 62C150A72630CD10000D3266 /* Build configuration list for PBXProject "Test" */;
			compatibilityVersion = "Xcode 9.3";
			developmentRegion = en;
			hasScannedForEncodings = 0;
			knownRegions = (
				en,
				Base,
			);
			mainGroup = 62C150A32630CD10000D3266;
			productRefGroup = 62C150AD2630CD10000D3266 /* Products */;
			projectDirPath = "";
			projectRoot = "";
			targets = (
				62C150AB2630CD10000D3266 /* Test */,
				62C150C12630CD13000D3266 /* TestTests */,
				62C150CC2630CD13000D3266 /* TestUITests */,
			);
		};
/* End PBXProject section */

/* Begin PBXResourcesBuildPhase section */
		62C150AA2630CD10000D3266 /* Resources */ = {
			isa = PBXResourcesBuildPhase;
			buildActionMask = 2147483647;
			files = (
				62C150BC2630CD13000D3266 /* LaunchScreen.storyboard in Resources */,
				62C150B92630CD13000D3266 /* Assets.xcassets in Resources */,
				62C150B72630CD10000D3266 /* Main.storyboard in Resources */,
			);
			runOnlyForDeploymentPostprocessing = 0;
		};
		62C150C02630CD13000D3266 /* Resources */ = {
			isa = PBXResourcesBuildPhase;
			buildActionMask = 2147483647;
			files = (
			);
			runOnlyForDeploymentPostprocessing = 0;
		};
		62C150CB2630CD13000D3266 /* Resources */ = {
			isa = PBXResourcesBuildPhase;
			buildActionMask = 2147483647;
			files = (
			);
			runOnlyForDeploymentPostprocessing = 0;
		};
/* End PBXResourcesBuildPhase section */

/* Begin PBXSourcesBuildPhase section */
		62C150A82630CD10000D3266 /* Sources */ = {
			isa = PBXSourcesBuildPhase;
			buildActionMask = 2147483647;
			files = (
				62C150B42630CD10000D3266 /* ViewController.swift in Sources */,
				62C150B02630CD10000D3266 /* AppDelegate.swift in Sources */,
				62C150B22630CD10000D3266 /* SceneDelegate.swift in Sources */,
			);
			runOnlyForDeploymentPostprocessing = 0;
		};
		62C150BE2630CD13000D3266 /* Sources */ = {
			isa = PBXSourcesBuildPhase;
			buildActionMask = 2147483647;
			files = (
				62C150C72630CD13000D3266 /* TestTests.swift in Sources */,
			);
			runOnlyForDeploymentPostprocessing = 0;
		};
		62C150C92630CD13000D3266 /* Sources */ = {
			isa = PBXSourcesBuildPhase;
			buildActionMask = 2147483647;
			files = (
				62C150D22630CD13000D3266 /* TestUITests.swift in Sources */,
			);
			runOnlyForDeploymentPostprocessing = 0;
		};
/* End PBXSourcesBuildPhase section */

/* Begin PBXTargetDependency section */
		62C150C42630CD13000D3266 /* PBXTargetDependency */ = {
			isa = PBXTargetDependency;
			target = 62C150AB2630CD10000D3266 /* Test */;
			targetProxy = 62C150C32630CD13000D3266 /* PBXContainerItemProxy */;
		};
		62C150CF2630CD13000D3266 /* PBXTargetDependency */ = {
			isa = PBXTargetDependency;
			target = 62C150AB2630CD10000D3266 /* Test */;
			targetProxy = 62C150CE2630CD13000D3266 /* PBXContainerItemProxy */;
		};
/* End PBXTargetDependency section */

/* Begin PBXVariantGroup section */
		62C150B52630CD10000D3266 /* Main.storyboard */ = {
			isa = PBXVariantGroup;
			children = (
				62C150B62630CD10000D3266 /* Base */,
			);
			name = Main.storyboard;
			sourceTree = "<group>";
		};
		62C150BA2630CD13000D3266 /* LaunchScreen.storyboard */ = {
			isa = PBXVariantGroup;
			children = (
				62C150BB2630CD13000D3266 /* Base */,
			);
			name = LaunchScreen.storyboard;
			sourceTree = "<group>";
		};
/* End PBXVariantGroup section */

/* Begin XCBuildConfiguration section */
		62C150D42630CD13000D3266 /* Debug */ = {
			isa = XCBuildConfiguration;
			buildSettings = {
				ALWAYS_SEARCH_USER_PATHS = NO;
				CLANG_ANALYZER_NONNULL = YES;
				CLANG_ANALYZER_NUMBER_OBJECT_CONVERSION = YES_AGGRESSIVE;
				CLANG_CXX_LANGUAGE_STANDARD = "gnu++14";
				CLANG_CXX_LIBRARY = "libc++";
				CLANG_ENABLE_MODULES = YES;
				CLANG_ENABLE_OBJC_ARC = YES;
				CLANG_ENABLE_OBJC_WEAK = YES;
				CLANG_WARN_BLOCK_CAPTURE_AUTORELEASING = YES;
				CLANG_WARN_BOOL_CONVERSION = YES;
				CLANG_WARN_COMMA = YES;
				CLANG_WARN_CONSTANT_CONVERSION = YES;
				CLANG_WARN_DEPRECATED_OBJC_IMPLEMENTATIONS = YES;
				CLANG_WARN_DIRECT_OBJC_ISA_USAGE = YES_ERROR;
				CLANG_WARN_DOCUMENTATION_COMMENTS = YES;
				CLANG_WARN_EMPTY_BODY = YES;
				CLANG_WARN_ENUM_CONVERSION = YES;
				CLANG_WARN_INFINITE_RECURSION = YES;
				CLANG_WARN_INT_CONVERSION = YES;
				CLANG_WARN_NON_LITERAL_NULL_CONVERSION = YES;
				CLANG_WARN_OBJC_IMPLICIT_RETAIN_SELF = YES;
				CLANG_WARN_OBJC_LITERAL_CONVERSION = YES;
				CLANG_WARN_OBJC_ROOT_CLASS = YES_ERROR;
				CLANG_WARN_QUOTED_INCLUDE_IN_FRAMEWORK_HEADER = YES;
				CLANG_WARN_RANGE_LOOP_ANALYSIS = YES;
				CLANG_WARN_STRICT_PROTOTYPES = YES;
				CLANG_WARN_SUSPICIOUS_MOVE = YES;
				CLANG_WARN_UNGUARDED_AVAILABILITY = YES_AGGRESSIVE;
				CLANG_WARN_UNREACHABLE_CODE = YES;
				CLANG_WARN__DUPLICATE_METHOD_MATCH = YES;
				COPY_PHASE_STRIP = NO;
				DEBUG_INFORMATION_FORMAT = dwarf;
				ENABLE_STRICT_OBJC_MSGSEND = YES;
				ENABLE_TESTABILITY = YES;
				GCC_C_LANGUAGE_STANDARD = gnu11;
				GCC_DYNAMIC_NO_PIC = NO;
				GCC_NO_COMMON_BLOCKS = YES;
				GCC_OPTIMIZATION_LEVEL = 0;
				GCC_PREPROCESSOR_DEFINITIONS = (
					"DEBUG=1",
					"$(inherited)",
				);
				GCC_WARN_64_TO_32_BIT_CONVERSION = YES;
				GCC_WARN_ABOUT_RETURN_TYPE = YES_ERROR;
				GCC_WARN_UNDECLARED_SELECTOR = YES;
				GCC_WARN_UNINITIALIZED_AUTOS = YES_AGGRESSIVE;
				GCC_WARN_UNUSED_FUNCTION = YES;
				GCC_WARN_UNUSED_VARIABLE = YES;
				IPHONEOS_DEPLOYMENT_TARGET = 14.4;
				MTL_ENABLE_DEBUG_INFO = INCLUDE_SOURCE;
				MTL_FAST_MATH = YES;
				ONLY_ACTIVE_ARCH = YES;
				SDKROOT = iphoneos;
				SWIFT_ACTIVE_COMPILATION_CONDITIONS = DEBUG;
				SWIFT_OPTIMIZATION_LEVEL = "-Onone";
			};
			name = Debug;
		};
		62C150D52630CD13000D3266 /* Release */ = {
			isa = XCBuildConfiguration;
			buildSettings = {
				ALWAYS_SEARCH_USER_PATHS = NO;
				CLANG_ANALYZER_NONNULL = YES;
				CLANG_ANALYZER_NUMBER_OBJECT_CONVERSION = YES_AGGRESSIVE;
				CLANG_CXX_LANGUAGE_STANDARD = "gnu++14";
				CLANG_CXX_LIBRARY = "libc++";
				CLANG_ENABLE_MODULES = YES;
				CLANG_ENABLE_OBJC_ARC = YES;
				CLANG_ENABLE_OBJC_WEAK = YES;
				CLANG_WARN_BLOCK_CAPTURE_AUTORELEASING = YES;
				CLANG_WARN_BOOL_CONVERSION = YES;
				CLANG_WARN_COMMA = YES;
				CLANG_WARN_CONSTANT_CONVERSION = YES;
				CLANG_WARN_DEPRECATED_OBJC_IMPLEMENTATIONS = YES;
				CLANG_WARN_DIRECT_OBJC_ISA_USAGE = YES_ERROR;
				CLANG_WARN_DOCUMENTATION_COMMENTS = YES;
				CLANG_WARN_EMPTY_BODY = YES;
				CLANG_WARN_ENUM_CONVERSION = YES;
				CLANG_WARN_INFINITE_RECURSION = YES;
				CLANG_WARN_INT_CONVERSION = YES;
				CLANG_WARN_NON_LITERAL_NULL_CONVERSION = YES;
				CLANG_WARN_OBJC_IMPLICIT_RETAIN_SELF = YES;
				CLANG_WARN_OBJC_LITERAL_CONVERSION = YES;
				CLANG_WARN_OBJC_ROOT_CLASS = YES_ERROR;
				CLANG_WARN_QUOTED_INCLUDE_IN_FRAMEWORK_HEADER = YES;
				CLANG_WARN_RANGE_LOOP_ANALYSIS = YES;
				CLANG_WARN_STRICT_PROTOTYPES = YES;
				CLANG_WARN_SUSPICIOUS_MOVE = YES;
				CLANG_WARN_UNGUARDED_AVAILABILITY = YES_AGGRESSIVE;
				CLANG_WARN_UNREACHABLE_CODE = YES;
				CLANG_WARN__DUPLICATE_METHOD_MATCH = YES;
				COPY_PHASE_STRIP = NO;
				DEBUG_INFORMATION_FORMAT = "dwarf-with-dsym";
				ENABLE_NS_ASSERTIONS = NO;
				ENABLE_STRICT_OBJC_MSGSEND = YES;
				GCC_C_LANGUAGE_STANDARD = gnu11;
				GCC_NO_COMMON_BLOCKS = YES;
				GCC_WARN_64_TO_32_BIT_CONVERSION = YES;
				GCC_WARN_ABOUT_RETURN_TYPE = YES_ERROR;
				GCC_WARN_UNDECLARED_SELECTOR = YES;
				GCC_WARN_UNINITIALIZED_AUTOS = YES_AGGRESSIVE;
				GCC_WARN_UNUSED_FUNCTION = YES;
				GCC_WARN_UNUSED_VARIABLE = YES;
				IPHONEOS_DEPLOYMENT_TARGET = 14.4;
				MTL_ENABLE_DEBUG_INFO = NO;
				MTL_FAST_MATH = YES;
				SDKROOT = iphoneos;
				SWIFT_COMPILATION_MODE = wholemodule;
				SWIFT_OPTIMIZATION_LEVEL = "-O";
				VALIDATE_PRODUCT = YES;
			};
			name = Release;
		};
		62C150D72630CD13000D3266 /* Debug */ = {
			isa = XCBuildConfiguration;
			buildSettings = {
				ASSETCATALOG_COMPILER_APPICON_NAME = AppIcon;
				ASSETCATALOG_COMPILER_GLOBAL_ACCENT_COLOR_NAME = AccentColor;
				CODE_SIGN_STYLE = Automatic;
				DEVELOPMENT_TEAM = L7W7476TKX;
				INFOPLIST_FILE = Test/Info.plist;
				LD_RUNPATH_SEARCH_PATHS = (
					"$(inherited)",
					"@executable_path/Frameworks",
				);
				PRODUCT_BUNDLE_IDENTIFIER = jeuryTineo.Test;
				PRODUCT_NAME = "$(TARGET_NAME)";
				SWIFT_VERSION = 5.0;
				TARGETED_DEVICE_FAMILY = "1,2";
			};
			name = Debug;
		};
		62C150D82630CD13000D3266 /* Release */ = {
			isa = XCBuildConfiguration;
			buildSettings = {
				ASSETCATALOG_COMPILER_APPICON_NAME = AppIcon;
				ASSETCATALOG_COMPILER_GLOBAL_ACCENT_COLOR_NAME = AccentColor;
				CODE_SIGN_STYLE = Automatic;
				DEVELOPMENT_TEAM = L7W7476TKX;
				INFOPLIST_FILE = Test/Info.plist;
				LD_RUNPATH_SEARCH_PATHS = (
					"$(inherited)",
					"@executable_path/Frameworks",
				);
				PRODUCT_BUNDLE_IDENTIFIER = jeuryTineo.Test;
				PRODUCT_NAME = "$(TARGET_NAME)";
				SWIFT_VERSION = 5.0;
				TARGETED_DEVICE_FAMILY = "1,2";
			};
			name = Release;
		};
		62C150DA2630CD13000D3266 /* Debug */ = {
			isa = XCBuildConfiguration;
			buildSettings = {
				ALWAYS_EMBED_SWIFT_STANDARD_LIBRARIES = YES;
				BUNDLE_LOADER = "$(TEST_HOST)";
				CODE_SIGN_STYLE = Automatic;
				DEVELOPMENT_TEAM = L7W7476TKX;
				INFOPLIST_FILE = TestTests/Info.plist;
				IPHONEOS_DEPLOYMENT_TARGET = 14.4;
				LD_RUNPATH_SEARCH_PATHS = (
					"$(inherited)",
					"@executable_path/Frameworks",
					"@loader_path/Frameworks",
				);
				PRODUCT_BUNDLE_IDENTIFIER = jeuryTineo.TestTests;
				PRODUCT_NAME = "$(TARGET_NAME)";
				SWIFT_VERSION = 5.0;
				TARGETED_DEVICE_FAMILY = "1,2";
				TEST_HOST = "$(BUILT_PRODUCTS_DIR)/Test.app/Test";
			};
			name = Debug;
		};
		62C150DB2630CD13000D3266 /* Release */ = {
			isa = XCBuildConfiguration;
			buildSettings = {
				ALWAYS_EMBED_SWIFT_STANDARD_LIBRARIES = YES;
				BUNDLE_LOADER = "$(TEST_HOST)";
				CODE_SIGN_STYLE = Automatic;
				DEVELOPMENT_TEAM = L7W7476TKX;
				INFOPLIST_FILE = TestTests/Info.plist;
				IPHONEOS_DEPLOYMENT_TARGET = 14.4;
				LD_RUNPATH_SEARCH_PATHS = (
					"$(inherited)",
					"@executable_path/Frameworks",
					"@loader_path/Frameworks",
				);
				PRODUCT_BUNDLE_IDENTIFIER = jeuryTineo.TestTests;
				PRODUCT_NAME = "$(TARGET_NAME)";
				SWIFT_VERSION = 5.0;
				TARGETED_DEVICE_FAMILY = "1,2";
				TEST_HOST = "$(BUILT_PRODUCTS_DIR)/Test.app/Test";
			};
			name = Release;
		};
		62C150DD2630CD13000D3266 /* Debug */ = {
			isa = XCBuildConfiguration;
			buildSettings = {
				ALWAYS_EMBED_SWIFT_STANDARD_LIBRARIES = YES;
				CODE_SIGN_STYLE = Automatic;
				DEVELOPMENT_TEAM = L7W7476TKX;
				INFOPLIST_FILE = TestUITests/Info.plist;
				LD_RUNPATH_SEARCH_PATHS = (
					"$(inherited)",
					"@executable_path/Frameworks",
					"@loader_path/Frameworks",
				);
				PRODUCT_BUNDLE_IDENTIFIER = jeuryTineo.TestUITests;
				PRODUCT_NAME = "$(TARGET_NAME)";
				SWIFT_VERSION = 5.0;
				TARGETED_DEVICE_FAMILY = "1,2";
				TEST_TARGET_NAME = Test;
			};
			name = Debug;
		};
		62C150DE2630CD13000D3266 /* Release */ = {
			isa = XCBuildConfiguration;
			buildSettings = {
				ALWAYS_EMBED_SWIFT_STANDARD_LIBRARIES = YES;
				CODE_SIGN_STYLE = Automatic;
				DEVELOPMENT_TEAM = L7W7476TKX;
				INFOPLIST_FILE = TestUITests/Info.plist;
				LD_RUNPATH_SEARCH_PATHS = (
					"$(inherited)",
					"@executable_path/Frameworks",
					"@loader_path/Frameworks",
				);
				PRODUCT_BUNDLE_IDENTIFIER = jeuryTineo.TestUITests;
				PRODUCT_NAME = "$(TARGET_NAME)";
				SWIFT_VERSION = 5.0;
				TARGETED_DEVICE_FAMILY = "1,2";
				TEST_TARGET_NAME = Test;
			};
			name = Release;
		};
/* End XCBuildConfiguration section */

/* Begin XCConfigurationList section */
		62C150A72630CD10000D3266 /* Build configuration list for PBXProject "Test" */ = {
			isa = XCConfigurationList;
			buildConfigurations = (
				62C150D42630CD13000D3266 /* Debug */,
				62C150D52630CD13000D3266 /* Release */,
			);
			defaultConfigurationIsVisible = 0;
			defaultConfigurationName = Release;
		};
		62C150D62630CD13000D3266 /* Build configuration list for PBXNativeTarget "Test" */ = {
			isa = XCConfigurationList;
			buildConfigurations = (
				62C150D72630CD13000D3266 /* Debug */,
				62C150D82630CD13000D3266 /* Release */,
			);
			defaultConfigurationIsVisible = 0;
			defaultConfigurationName = Release;
		};
		62C150D92630CD13000D3266 /* Build configuration list for PBXNativeTarget "TestTests" */ = {
			isa = XCConfigurationList;
			buildConfigurations = (
				62C150DA2630CD13000D3266 /* Debug */,
				62C150DB2630CD13000D3266 /* Release */,
			);
			defaultConfigurationIsVisible = 0;
			defaultConfigurationName = Release;
		};
		62C150DC2630CD13000D3266 /* Build configuration list for PBXNativeTarget "TestUITests" */ = {
			isa = XCConfigurationList;
			buildConfigurations = (
				62C150DD2630CD13000D3266 /* Debug */,
				62C150DE2630CD13000D3266 /* Release */,
			);
			defaultConfigurationIsVisible = 0;
			defaultConfigurationName = Release;
		};
/* End XCConfigurationList section */
	};
	rootObject = 62C150A42630CD10000D3266 /* Project object */;
}
